
Microsoft Visual Studio Solution File, Format Version 12.00
# Visual Studio Version 17
VisualStudioVersion = 17.14.36109.1
MinimumVisualStudioVersion = 10.0.40219.1
Project("{2150E333-8FDC-42A3-9474-1A3956D46DE8}") = "ApiGateway", "ApiGateway", "{02EA681E-C7D8-13C7-8484-4AC65E1B71E8}"
EndProject
Project("{2150E333-8FDC-42A3-9474-1A3956D46DE8}") = "Flight", "Flight", "{D71B0E52-196C-4407-9DF5-F7A71E1340D5}"
EndProject
Project("{2150E333-8FDC-42A3-9474-1A3956D46DE8}") = "Booking", "Booking", "{57B5AC9D-CE13-4F7A-B83B-81FB57A86511}"
EndProject
Project("{FAE04EC0-301F-11D3-BF4B-00C04F79EFBC}") = "Booking.Api", "Booking\Booking.Api\Booking.Api.csproj", "{4D0C4908-B838-4A64-A194-6B5079D9948F}"
EndProject
Project("{FAE04EC0-301F-11D3-BF4B-00C04F79EFBC}") = "Flight.Api", "Flight\Flight.Api\Flight.Api.csproj", "{89ACF610-E31C-4C66-9B64-AD8D575143C5}"
EndProject
Project("{FAE04EC0-301F-11D3-BF4B-00C04F79EFBC}") = "OcelotApiGateway", "ApiGateway\OcelotApiGateway\OcelotApiGateway.csproj", "{74012F82-CE68-6A65-D94A-9040787B3FDC}"
EndProject
Global
	GlobalSection(SolutionConfigurationPlatforms) = preSolution
		Debug|Any CPU = Debug|Any CPU
		Release|Any CPU = Release|Any CPU
	EndGlobalSection
	GlobalSection(ProjectConfigurationPlatforms) = postSolution
		{4D0C4908-B838-4A64-A194-6B5079D9948F}.Debug|Any CPU.ActiveCfg = Debug|Any CPU
		{4D0C4908-B838-4A64-A194-6B5079D9948F}.Debug|Any CPU.Build.0 = Debug|Any CPU
		{4D0C4908-B838-4A64-A194-6B5079D9948F}.Release|Any CPU.ActiveCfg = Release|Any CPU
		{4D0C4908-B838-4A64-A194-6B5079D9948F}.Release|Any CPU.Build.0 = Release|Any CPU
		{89ACF610-E31C-4C66-9B64-AD8D575143C5}.Debug|Any CPU.ActiveCfg = Debug|Any CPU
		{89ACF610-E31C-4C66-9B64-AD8D575143C5}.Debug|Any CPU.Build.0 = Debug|Any CPU
		{89ACF610-E31C-4C66-9B64-AD8D575143C5}.Release|Any CPU.ActiveCfg = Release|Any CPU
		{89ACF610-E31C-4C66-9B64-AD8D575143C5}.Release|Any CPU.Build.0 = Release|Any CPU
		{74012F82-CE68-6A65-D94A-9040787B3FDC}.Debug|Any CPU.ActiveCfg = Debug|Any CPU
		{74012F82-CE68-6A65-D94A-9040787B3FDC}.Debug|Any CPU.Build.0 = Debug|Any CPU
		{74012F82-CE68-6A65-D94A-9040787B3FDC}.Release|Any CPU.ActiveCfg = Release|Any CPU
		{74012F82-CE68-6A65-D94A-9040787B3FDC}.Release|Any CPU.Build.0 = Release|Any CPU
	EndGlobalSection
	GlobalSection(SolutionProperties) = preSolution
		HideSolutionNode = FALSE
	EndGlobalSection
	GlobalSection(NestedProjects) = preSolution
		{4D0C4908-B838-4A64-A194-6B5079D9948F} = {57B5AC9D-CE13-4F7A-B83B-81FB57A86511}
		{89ACF610-E31C-4C66-9B64-AD8D575143C5} = {D71B0E52-196C-4407-9DF5-F7A71E1340D5}
		{74012F82-CE68-6A65-D94A-9040787B3FDC} = {02EA681E-C7D8-13C7-8484-4AC65E1B71E8}
	EndGlobalSection
	GlobalSection(ExtensibilityGlobals) = postSolution
		SolutionGuid = {0F609D31-312D-43EA-A1CD-91DA127E0B62}
	EndGlobalSection
EndGlobal
